
Microsoft Visual Studio Solution File, Format Version 12.00
# Visual Studio Version 17
VisualStudioVersion = 17.0.31903.59
MinimumVisualStudioVersion = 10.0.40219.1
Project("{FAE04EC0-301F-11D3-BF4B-00C04F79EFBC}") = "DotNetMqtt.App", "DotNetMqtt.App\DotNetMqtt.App.csproj", "{144738D1-C952-415D-A73D-1037D0150032}"
EndProject
Project("{FAE04EC0-301F-11D3-BF4B-00C04F79EFBC}") = "DotNetMqtt.Server", "DotNetMqtt.Server\DotNetMqtt.Server.csproj", "{0E44C9BC-78D7-48B5-9DA2-C69E7539872D}"
EndProject
Project("{FAE04EC0-301F-11D3-BF4B-00C04F79EFBC}") = "DotNetMqtt.Avalonia.App", "DotNetMqtt.Avalonia.App\DotNetMqtt.Avalonia.App.csproj", "{BE7EDF84-6066-4668-B0AF-94CB20A1C01E}"
EndProject
Global
	GlobalSection(SolutionConfigurationPlatforms) = preSolution
		Debug|Any CPU = Debug|Any CPU
		Release|Any CPU = Release|Any CPU
	EndGlobalSection
	GlobalSection(SolutionProperties) = preSolution
		HideSolutionNode = FALSE
	EndGlobalSection
	GlobalSection(ProjectConfigurationPlatforms) = postSolution
		{144738D1-C952-415D-A73D-1037D0150032}.Debug|Any CPU.ActiveCfg = Debug|Any CPU
		{144738D1-C952-415D-A73D-1037D0150032}.Debug|Any CPU.Build.0 = Debug|Any CPU
		{144738D1-C952-415D-A73D-1037D0150032}.Release|Any CPU.ActiveCfg = Release|Any CPU
		{144738D1-C952-415D-A73D-1037D0150032}.Release|Any CPU.Build.0 = Release|Any CPU
		{0E44C9BC-78D7-48B5-9DA2-C69E7539872D}.Debug|Any CPU.ActiveCfg = Debug|Any CPU
		{0E44C9BC-78D7-48B5-9DA2-C69E7539872D}.Debug|Any CPU.Build.0 = Debug|Any CPU
		{0E44C9BC-78D7-48B5-9DA2-C69E7539872D}.Release|Any CPU.ActiveCfg = Release|Any CPU
		{0E44C9BC-78D7-48B5-9DA2-C69E7539872D}.Release|Any CPU.Build.0 = Release|Any CPU
		{BE7EDF84-6066-4668-B0AF-94CB20A1C01E}.Debug|Any CPU.ActiveCfg = Debug|Any CPU
		{BE7EDF84-6066-4668-B0AF-94CB20A1C01E}.Debug|Any CPU.Build.0 = Debug|Any CPU
		{BE7EDF84-6066-4668-B0AF-94CB20A1C01E}.Release|Any CPU.ActiveCfg = Release|Any CPU
		{BE7EDF84-6066-4668-B0AF-94CB20A1C01E}.Release|Any CPU.Build.0 = Release|Any CPU
	EndGlobalSection
EndGlobal
